langcode: en
status: true
dependencies:
  module:
    - purchasing
  theme:
    - purchasing_parity
id: addressblock
theme: purchasing_parity
region: footer_first
weight: 0
provider: null
plugin: address_block
settings:
  id: address_block
  label: 'Address Block'
  provider: purchasing
  label_display: '0'
visibility: {  }
