uuid: 0ed82848-a94b-476d-89d7-335902f4aa64
langcode: en
status: true
dependencies:
  module:
    - node
    - purchasing
  theme:
    - purchasing_parity
id: discountmatrixblock
theme: purchasing_parity
region: content
weight: -2
provider: null
plugin: discount_matrix_block
settings:
  id: discount_matrix_block
  label: 'Discount Table'
  provider: purchasing
  label_display: visible
visibility:
  node_type:
    id: node_type
    bundles:
      contract: contract
      quote: quote
      solicitation: solicitation
    negate: false
    context_mapping:
      node: '@node.node_route_context:node'
