uuid: 0e21358b-63d3-442f-b2df-ecb1621a0d9a
langcode: en
status: false
dependencies:
  module:
    - purchasing
    - system
  theme:
    - purchasing_parity
id: iframeblock
theme: purchasing_parity
region: content
weight: 0
provider: null
plugin: iframe_block
settings:
  id: iframe_block
  label: 'Open Bids'
  provider: purchasing
  label_display: visible
  title: 'Open Bids'
  source: 'https://hcpss.contractexperience.com/static/external/sourcingportal.jsp'
  width: 100%
  height: '500'
visibility:
  request_path:
    id: request_path
    pages: /business-opportunities
    negate: false
    context_mapping: {  }
